<?xml version="1.0" encoding="UTF-8" standalone="yes" ?>
<CodeBlocks_project_file>
	<FileVersion major="1" minor="6" />
	<Project>
		<Option title="fountain" />
		<Option pch_mode="2" />
		<Option compiler="gcc" />
		<Build>
			<Target title="Debug">
				<Option output="bin/Debug/fountain" prefix_auto="1" extension_auto="1" />
				<Option working_dir="" />
				<Option object_output="obj/Debug/" />
				<Option type="2" />
				<Option compiler="gcc" />
				<Option createDefFile="1" />
				<Compiler>
					<Add option="-g" />
					<Add option="-DDEBUG" />
				</Compiler>
			</Target>
			<Target title="Release">
				<Option output="bin/Release/fountain" prefix_auto="1" extension_auto="1" />
				<Option working_dir="" />
				<Option object_output="obj/Release/" />
				<Option type="2" />
				<Option compiler="gcc" />
				<Option createDefFile="1" />
				<Linker>
					<Add option="-s" />
				</Linker>
			</Target>
		</Build>
		<Compiler>
			<Add option="-std=c++11" />
			<Add directory="include" />
			<Add directory="." />
			<Add directory="/usr/include/freetype2" />
		</Compiler>
		<Unit filename="ft_3dmodel.cpp" />
		<Unit filename="ft_algorithm.cpp" />
		<Unit filename="ft_anime.cpp" />
		<Unit filename="ft_audio.cpp" />
		<Unit filename="ft_data.cpp" />
		<Unit filename="ft_debug.cpp" />
		<Unit filename="ft_fountain.cpp" />
		<Unit filename="ft_input.cpp" />
		<Unit filename="ft_physics.cpp" />
		<Unit filename="ft_render.cpp" />
		<Unit filename="ft_scene.cpp" />
		<Unit filename="ft_time.cpp" />
		<Unit filename="ft_type.cpp" />
		<Unit filename="ft_ui.cpp" />
		<Unit filename="include/fountain.h" />
		<Unit filename="include/fountain/fountaindef.h" />
		<Unit filename="include/fountain/ft_3dmodel.h" />
		<Unit filename="include/fountain/ft_algorithm.h" />
		<Unit filename="include/fountain/ft_anime.h" />
		<Unit filename="include/fountain/ft_audio.h" />
		<Unit filename="include/fountain/ft_data.h" />
		<Unit filename="include/fountain/ft_debug.h" />
		<Unit filename="include/fountain/ft_input.h" />
		<Unit filename="include/fountain/ft_math.h" />
		<Unit filename="include/fountain/ft_physics.h" />
		<Unit filename="include/fountain/ft_render.h" />
		<Unit filename="include/fountain/ft_scene.h" />
		<Unit filename="include/fountain/ft_time.h" />
		<Unit filename="include/fountain/ft_type.h" />
		<Unit filename="include/fountain/ft_ui.h" />
		<Unit filename="include/fountain/linFountain.h" />
		<Unit filename="include/fountain/winFountain.h" />
		<Extensions>
			<code_completion />
			<envvars />
			<debugger />
			<lib_finder disable_auto="1" />
		</Extensions>
	</Project>
</CodeBlocks_project_file>
