<?xml version="1.0" encoding="UTF-8" standalone="yes" ?>
<CodeBlocks_project_file>
	<FileVersion major="1" minor="6" />
	<Project>
		<Option title="fsmeditor" />
		<Option pch_mode="2" />
		<Option compiler="gcc" />
		<Build>
			<Target title="Debug">
				<Option output="bin/Debug/fsmeditor" prefix_auto="1" extension_auto="1" />
				<Option working_dir="FSMEditor" />
				<Option object_output="obj/Debug/" />
				<Option type="1" />
				<Option compiler="gcc" />
				<Compiler>
					<Add option="-g" />
					<Add option="-DDEBUG" />
				</Compiler>
				<Linker>
					<Add directory="bin/Debug" />
					<Add directory="Box2D/Build/bin/Debug" />
				</Linker>
			</Target>
			<Target title="Release">
				<Option output="bin/Release/fsmeditor" prefix_auto="1" extension_auto="1" />
				<Option working_dir="FSMEditor" />
				<Option object_output="obj/Release/" />
				<Option type="0" />
				<Option compiler="gcc" />
				<Compiler>
					<Add option="-O2" />
				</Compiler>
				<Linker>
					<Add option="-s" />
					<Add directory="bin/Release" />
					<Add directory="Box2D/Build/bin/Release" />
				</Linker>
			</Target>
		</Build>
		<Compiler>
			<Add option="-std=c++11" />
			<Add directory="include" />
			<Add directory="." />
			<Add directory="/usr/include/freetype2" />
		</Compiler>
		<Linker>
			<Add library="fountain" />
			<Add library="gdi32" />
			<Add library="glew_static" />
			<Add library="opengl32" />
			<Add library="glu32" />
			<Add library="FreeImage" />
			<Add library="freetype" />
			<Add library="Box2D" />
			<Add library="OpenAL32" />
		</Linker>
		<Unit filename="FSMEditor/editor.cpp" />
		<Unit filename="FSMEditor/editor.h" />
		<Unit filename="FSMEditor/main.cpp" />
		<Extensions>
			<code_completion />
			<envvars />
			<debugger />
			<lib_finder disable_auto="1" />
		</Extensions>
	</Project>
</CodeBlocks_project_file>
