<?xml version="1.0" encoding="UTF-8" standalone="yes" ?>
<CodeBlocks_project_file>
	<FileVersion major="1" minor="6" />
	<Project>
		<Option title="RakNet" />
		<Option pch_mode="2" />
		<Option compiler="gcc" />
		<Build>
			<Target title="Debug">
				<Option output="bin/Debug/RakNet" prefix_auto="1" extension_auto="1" />
				<Option working_dir="" />
				<Option object_output="obj/Debug/" />
				<Option type="2" />
				<Option compiler="gcc" />
				<Option createDefFile="1" />
				<Compiler>
					<Add option="-Wall" />
					<Add option="-g" />
				</Compiler>
			</Target>
			<Target title="Release">
				<Option output="bin/Release/RakNet" prefix_auto="1" extension_auto="1" />
				<Option working_dir="" />
				<Option object_output="obj/Release/" />
				<Option type="2" />
				<Option compiler="gcc" />
				<Option createDefFile="1" />
				<Compiler>
					<Add option="-Wall" />
					<Add option="-O2" />
				</Compiler>
				<Linker>
					<Add option="-s" />
				</Linker>
			</Target>
		</Build>
		<Unit filename="AutopatcherPatchContext.h" />
		<Unit filename="AutopatcherRepositoryInterface.h" />
		<Unit filename="Base64Encoder.cpp" />
		<Unit filename="Base64Encoder.h" />
		<Unit filename="BitStream.cpp" />
		<Unit filename="BitStream.h" />
		<Unit filename="CCRakNetSlidingWindow.cpp" />
		<Unit filename="CCRakNetSlidingWindow.h" />
		<Unit filename="CCRakNetUDT.cpp" />
		<Unit filename="CCRakNetUDT.h" />
		<Unit filename="CheckSum.cpp" />
		<Unit filename="CheckSum.h" />
		<Unit filename="CloudClient.cpp" />
		<Unit filename="CloudClient.h" />
		<Unit filename="CloudCommon.cpp" />
		<Unit filename="CloudCommon.h" />
		<Unit filename="CloudServer.cpp" />
		<Unit filename="CloudServer.h" />
		<Unit filename="CommandParserInterface.cpp" />
		<Unit filename="CommandParserInterface.h" />
		<Unit filename="ConnectionGraph2.cpp" />
		<Unit filename="ConnectionGraph2.h" />
		<Unit filename="ConsoleServer.cpp" />
		<Unit filename="ConsoleServer.h" />
		<Unit filename="DR_SHA1.cpp" />
		<Unit filename="DR_SHA1.h" />
		<Unit filename="DS_BPlusTree.h" />
		<Unit filename="DS_BinarySearchTree.h" />
		<Unit filename="DS_BytePool.cpp" />
		<Unit filename="DS_BytePool.h" />
		<Unit filename="DS_ByteQueue.cpp" />
		<Unit filename="DS_ByteQueue.h" />
		<Unit filename="DS_Hash.h" />
		<Unit filename="DS_Heap.h" />
		<Unit filename="DS_HuffmanEncodingTree.cpp" />
		<Unit filename="DS_HuffmanEncodingTree.h" />
		<Unit filename="DS_HuffmanEncodingTreeFactory.h" />
		<Unit filename="DS_HuffmanEncodingTreeNode.h" />
		<Unit filename="DS_LinkedList.h" />
		<Unit filename="DS_List.h" />
		<Unit filename="DS_Map.h" />
		<Unit filename="DS_MemoryPool.h" />
		<Unit filename="DS_Multilist.h" />
		<Unit filename="DS_OrderedChannelHeap.h" />
		<Unit filename="DS_OrderedList.h" />
		<Unit filename="DS_Queue.h" />
		<Unit filename="DS_QueueLinkedList.h" />
		<Unit filename="DS_RangeList.h" />
		<Unit filename="DS_Table.cpp" />
		<Unit filename="DS_Table.h" />
		<Unit filename="DS_ThreadsafeAllocatingQueue.h" />
		<Unit filename="DS_Tree.h" />
		<Unit filename="DS_WeightedGraph.h" />
		<Unit filename="DataCompressor.cpp" />
		<Unit filename="DataCompressor.h" />
		<Unit filename="DirectoryDeltaTransfer.cpp" />
		<Unit filename="DirectoryDeltaTransfer.h" />
		<Unit filename="DynDNS.cpp" />
		<Unit filename="DynDNS.h" />
		<Unit filename="EmailSender.cpp" />
		<Unit filename="EmailSender.h" />
		<Unit filename="EmptyHeader.h" />
		<Unit filename="EpochTimeToString.cpp" />
		<Unit filename="EpochTimeToString.h" />
		<Unit filename="Export.h" />
		<Unit filename="FileList.cpp" />
		<Unit filename="FileList.h" />
		<Unit filename="FileListNodeContext.h" />
		<Unit filename="FileListTransfer.cpp" />
		<Unit filename="FileListTransfer.h" />
		<Unit filename="FileListTransferCBInterface.h" />
		<Unit filename="FileOperations.cpp" />
		<Unit filename="FileOperations.h" />
		<Unit filename="FormatString.cpp" />
		<Unit filename="FormatString.h" />
		<Unit filename="FullyConnectedMesh2.cpp" />
		<Unit filename="FullyConnectedMesh2.h" />
		<Unit filename="GetTime.cpp" />
		<Unit filename="GetTime.h" />
		<Unit filename="Getche.cpp" />
		<Unit filename="Getche.h" />
		<Unit filename="Gets.cpp" />
		<Unit filename="Gets.h" />
		<Unit filename="GridSectorizer.cpp" />
		<Unit filename="GridSectorizer.h" />
		<Unit filename="HTTPConnection.cpp" />
		<Unit filename="HTTPConnection.h" />
		<Unit filename="HTTPConnection2.cpp" />
		<Unit filename="HTTPConnection2.h" />
		<Unit filename="IncrementalReadInterface.cpp" />
		<Unit filename="IncrementalReadInterface.h" />
		<Unit filename="InternalPacket.h" />
		<Unit filename="Itoa.cpp" />
		<Unit filename="Itoa.h" />
		<Unit filename="Kbhit.h" />
		<Unit filename="LinuxStrings.cpp" />
		<Unit filename="LinuxStrings.h" />
		<Unit filename="LocklessTypes.cpp" />
		<Unit filename="LocklessTypes.h" />
		<Unit filename="LogCommandParser.cpp" />
		<Unit filename="LogCommandParser.h" />
		<Unit filename="MTUSize.h" />
		<Unit filename="MessageFilter.cpp" />
		<Unit filename="MessageFilter.h" />
		<Unit filename="MessageIdentifiers.h" />
		<Unit filename="NatPunchthroughClient.cpp" />
		<Unit filename="NatPunchthroughClient.h" />
		<Unit filename="NatPunchthroughServer.cpp" />
		<Unit filename="NatPunchthroughServer.h" />
		<Unit filename="NatTypeDetectionClient.cpp" />
		<Unit filename="NatTypeDetectionClient.h" />
		<Unit filename="NatTypeDetectionCommon.cpp" />
		<Unit filename="NatTypeDetectionCommon.h" />
		<Unit filename="NatTypeDetectionServer.cpp" />
		<Unit filename="NatTypeDetectionServer.h" />
		<Unit filename="NativeFeatureIncludes.h" />
		<Unit filename="NativeFeatureIncludesOverrides.h" />
		<Unit filename="NativeTypes.h" />
		<Unit filename="NetworkIDManager.cpp" />
		<Unit filename="NetworkIDManager.h" />
		<Unit filename="NetworkIDObject.cpp" />
		<Unit filename="NetworkIDObject.h" />
		<Unit filename="PS3Includes.h" />
		<Unit filename="PS4Includes.cpp" />
		<Unit filename="PS4Includes.h" />
		<Unit filename="PacketConsoleLogger.cpp" />
		<Unit filename="PacketConsoleLogger.h" />
		<Unit filename="PacketFileLogger.cpp" />
		<Unit filename="PacketFileLogger.h" />
		<Unit filename="PacketLogger.cpp" />
		<Unit filename="PacketLogger.h" />
		<Unit filename="PacketOutputWindowLogger.cpp" />
		<Unit filename="PacketOutputWindowLogger.h" />
		<Unit filename="PacketPool.h" />
		<Unit filename="PacketPriority.h" />
		<Unit filename="PacketizedTCP.cpp" />
		<Unit filename="PacketizedTCP.h" />
		<Unit filename="PluginInterface2.cpp" />
		<Unit filename="PluginInterface2.h" />
		<Unit filename="RPC4Plugin.cpp" />
		<Unit filename="RPC4Plugin.h" />
		<Unit filename="Rackspace.cpp" />
		<Unit filename="Rackspace.h" />
		<Unit filename="RakAlloca.h" />
		<Unit filename="RakAssert.h" />
		<Unit filename="RakMemoryOverride.cpp" />
		<Unit filename="RakMemoryOverride.h" />
		<Unit filename="RakNet.cbp" />
		<Unit filename="RakNetCommandParser.cpp" />
		<Unit filename="RakNetCommandParser.h" />
		<Unit filename="RakNetDefines.h" />
		<Unit filename="RakNetDefinesOverrides.h" />
		<Unit filename="RakNetSmartPtr.h" />
		<Unit filename="RakNetSocket.cpp" />
		<Unit filename="RakNetSocket.h" />
		<Unit filename="RakNetSocket2.cpp" />
		<Unit filename="RakNetSocket2.h" />
		<Unit filename="RakNetSocket2_360_720.cpp" />
		<Unit filename="RakNetSocket2_Berkley.cpp" />
		<Unit filename="RakNetSocket2_Berkley_NativeClient.cpp" />
		<Unit filename="RakNetSocket2_NativeClient.cpp" />
		<Unit filename="RakNetSocket2_PS3_PS4.cpp" />
		<Unit filename="RakNetSocket2_PS4.cpp" />
		<Unit filename="RakNetSocket2_Vita.cpp" />
		<Unit filename="RakNetSocket2_WindowsStore8.cpp" />
		<Unit filename="RakNetSocket2_Windows_Linux.cpp" />
		<Unit filename="RakNetSocket2_Windows_Linux_360.cpp" />
		<Unit filename="RakNetStatistics.cpp" />
		<Unit filename="RakNetStatistics.h" />
		<Unit filename="RakNetTime.h" />
		<Unit filename="RakNetTransport2.cpp" />
		<Unit filename="RakNetTransport2.h" />
		<Unit filename="RakNetTypes.cpp" />
		<Unit filename="RakNetTypes.h" />
		<Unit filename="RakNetVersion.h" />
		<Unit filename="RakPeer.cpp" />
		<Unit filename="RakPeer.h" />
		<Unit filename="RakPeerInterface.h" />
		<Unit filename="RakSleep.cpp" />
		<Unit filename="RakSleep.h" />
		<Unit filename="RakString.cpp" />
		<Unit filename="RakString.h" />
		<Unit filename="RakThread.cpp" />
		<Unit filename="RakThread.h" />
		<Unit filename="RakWString.cpp" />
		<Unit filename="RakWString.h" />
		<Unit filename="Rand.cpp" />
		<Unit filename="Rand.h" />
		<Unit filename="RandSync.cpp" />
		<Unit filename="RandSync.h" />
		<Unit filename="ReadyEvent.cpp" />
		<Unit filename="ReadyEvent.h" />
		<Unit filename="RefCountedObj.h" />
		<Unit filename="RelayPlugin.cpp" />
		<Unit filename="RelayPlugin.h" />
		<Unit filename="ReliabilityLayer.cpp" />
		<Unit filename="ReliabilityLayer.h" />
		<Unit filename="ReplicaEnums.h" />
		<Unit filename="ReplicaManager3.cpp" />
		<Unit filename="ReplicaManager3.h" />
		<Unit filename="Router2.cpp" />
		<Unit filename="Router2.h" />
		<Unit filename="SecureHandshake.cpp" />
		<Unit filename="SecureHandshake.h" />
		<Unit filename="SendToThread.cpp" />
		<Unit filename="SendToThread.h" />
		<Unit filename="SignaledEvent.cpp" />
		<Unit filename="SignaledEvent.h" />
		<Unit filename="SimpleMutex.cpp" />
		<Unit filename="SimpleMutex.h" />
		<Unit filename="SimpleTCPServer.h" />
		<Unit filename="SingleProducerConsumer.h" />
		<Unit filename="SocketDefines.h" />
		<Unit filename="SocketIncludes.h" />
		<Unit filename="SocketLayer.cpp" />
		<Unit filename="SocketLayer.h" />
		<Unit filename="StatisticsHistory.cpp" />
		<Unit filename="StatisticsHistory.h" />
		<Unit filename="StringCompressor.cpp" />
		<Unit filename="StringCompressor.h" />
		<Unit filename="StringTable.cpp" />
		<Unit filename="StringTable.h" />
		<Unit filename="SuperFastHash.cpp" />
		<Unit filename="SuperFastHash.h" />
		<Unit filename="TCPInterface.cpp" />
		<Unit filename="TCPInterface.h" />
		<Unit filename="TableSerializer.cpp" />
		<Unit filename="TableSerializer.h" />
		<Unit filename="TeamBalancer.cpp" />
		<Unit filename="TeamBalancer.h" />
		<Unit filename="TeamManager.cpp" />
		<Unit filename="TeamManager.h" />
		<Unit filename="TelnetTransport.cpp" />
		<Unit filename="TelnetTransport.h" />
		<Unit filename="ThreadPool.h" />
		<Unit filename="ThreadsafePacketLogger.cpp" />
		<Unit filename="ThreadsafePacketLogger.h" />
		<Unit filename="TransportInterface.h" />
		<Unit filename="TwoWayAuthentication.cpp" />
		<Unit filename="TwoWayAuthentication.h" />
		<Unit filename="UDPForwarder.cpp" />
		<Unit filename="UDPForwarder.h" />
		<Unit filename="UDPProxyClient.cpp" />
		<Unit filename="UDPProxyClient.h" />
		<Unit filename="UDPProxyCommon.h" />
		<Unit filename="UDPProxyCoordinator.cpp" />
		<Unit filename="UDPProxyCoordinator.h" />
		<Unit filename="UDPProxyServer.cpp" />
		<Unit filename="UDPProxyServer.h" />
		<Unit filename="VariableDeltaSerializer.cpp" />
		<Unit filename="VariableDeltaSerializer.h" />
		<Unit filename="VariableListDeltaTracker.cpp" />
		<Unit filename="VariableListDeltaTracker.h" />
		<Unit filename="VariadicSQLParser.cpp" />
		<Unit filename="VariadicSQLParser.h" />
		<Unit filename="VitaIncludes.cpp" />
		<Unit filename="VitaIncludes.h" />
		<Unit filename="WSAStartupSingleton.cpp" />
		<Unit filename="WSAStartupSingleton.h" />
		<Unit filename="WindowsIncludes.h" />
		<Unit filename="XBox360Includes.h" />
		<Unit filename="_FindFirst.cpp" />
		<Unit filename="_FindFirst.h" />
		<Unit filename="gettimeofday.cpp" />
		<Unit filename="gettimeofday.h" />
		<Unit filename="main.c">
			<Option compilerVar="CC" />
		</Unit>
		<Extensions>
			<code_completion />
			<envvars />
			<debugger />
			<lib_finder disable_auto="1" />
		</Extensions>
	</Project>
</CodeBlocks_project_file>
